
Microsoft Visual Studio Solution File, Format Version 12.00
# Visual Studio 2013
VisualStudioVersion = 12.0.21005.1
MinimumVisualStudioVersion = 10.0.40219.1
Project("{FAE04EC0-301F-11D3-BF4B-00C04F79EFBC}") = "CalculadoraDeImpostos", "CalculadoraDeImpostos\CalculadoraDeImpostos.csproj", "{49D1DBDA-CD1B-4EAC-88D7-0BBC71896610}"
EndProject
Project("{FAE04EC0-301F-11D3-BF4B-00C04F79EFBC}") = "CalculadoraDeImpostos.Tests", "CalculadoraDeImpostos.Tests\CalculadoraDeImpostos.Tests.csproj", "{3FB1DF8A-95E0-499F-94B0-8731F6D43F7F}"
EndProject
Global
	GlobalSection(SolutionConfigurationPlatforms) = preSolution
		Debug|Any CPU = Debug|Any CPU
		Release|Any CPU = Release|Any CPU
	EndGlobalSection
	GlobalSection(ProjectConfigurationPlatforms) = postSolution
		{49D1DBDA-CD1B-4EAC-88D7-0BBC71896610}.Debug|Any CPU.ActiveCfg = Debug|Any CPU
		{49D1DBDA-CD1B-4EAC-88D7-0BBC71896610}.Debug|Any CPU.Build.0 = Debug|Any CPU
		{49D1DBDA-CD1B-4EAC-88D7-0BBC71896610}.Release|Any CPU.ActiveCfg = Release|Any CPU
		{49D1DBDA-CD1B-4EAC-88D7-0BBC71896610}.Release|Any CPU.Build.0 = Release|Any CPU
		{3FB1DF8A-95E0-499F-94B0-8731F6D43F7F}.Debug|Any CPU.ActiveCfg = Debug|Any CPU
		{3FB1DF8A-95E0-499F-94B0-8731F6D43F7F}.Debug|Any CPU.Build.0 = Debug|Any CPU
		{3FB1DF8A-95E0-499F-94B0-8731F6D43F7F}.Release|Any CPU.ActiveCfg = Release|Any CPU
		{3FB1DF8A-95E0-499F-94B0-8731F6D43F7F}.Release|Any CPU.Build.0 = Release|Any CPU
	EndGlobalSection
	GlobalSection(SolutionProperties) = preSolution
		HideSolutionNode = FALSE
	EndGlobalSection
EndGlobal
